
Microsoft Visual Studio Solution File, Format Version 12.00
# Visual Studio Version 17
VisualStudioVersion = 17.4.33213.308
MinimumVisualStudioVersion = 10.0.40219.1
Project("{FAE04EC0-301F-11D3-BF4B-00C04F79EFBC}") = "RotateEffect", "RotateEffect\RotateEffect.csproj", "{51AF50D4-80D7-4B1B-B961-B84B476EBE71}"
EndProject
Global
	GlobalSection(SolutionConfigurationPlatforms) = preSolution
		Debug|Any CPU = Debug|Any CPU
		Release|Any CPU = Release|Any CPU
	EndGlobalSection
	GlobalSection(ProjectConfigurationPlatforms) = postSolution
		{51AF50D4-80D7-4B1B-B961-B84B476EBE71}.Debug|Any CPU.ActiveCfg = Debug|Any CPU
		{51AF50D4-80D7-4B1B-B961-B84B476EBE71}.Debug|Any CPU.Build.0 = Debug|Any CPU
		{51AF50D4-80D7-4B1B-B961-B84B476EBE71}.Release|Any CPU.ActiveCfg = Release|Any CPU
		{51AF50D4-80D7-4B1B-B961-B84B476EBE71}.Release|Any CPU.Build.0 = Release|Any CPU
	EndGlobalSection
	GlobalSection(SolutionProperties) = preSolution
		HideSolutionNode = FALSE
	EndGlobalSection
	GlobalSection(ExtensibilityGlobals) = postSolution
		SolutionGuid = {97D9FB64-B46D-486A-AF8C-3819E4F075BA}
	EndGlobalSection
EndGlobal
